
Microsoft Visual Studio Solution File, Format Version 12.00
# Visual Studio 2012
Project("{FAE04EC0-301F-11D3-BF4B-00C04F79EFBC}") = "Euler10", "Euler10\Euler10.csproj", "{966C6A7A-5773-497E-B2A1-C1EE525D4BC5}"
EndProject
Global
	GlobalSection(SolutionConfigurationPlatforms) = preSolution
		Debug|Any CPU = Debug|Any CPU
		Release|Any CPU = Release|Any CPU
	EndGlobalSection
	GlobalSection(ProjectConfigurationPlatforms) = postSolution
		{966C6A7A-5773-497E-B2A1-C1EE525D4BC5}.Debug|Any CPU.ActiveCfg = Debug|Any CPU
		{966C6A7A-5773-497E-B2A1-C1EE525D4BC5}.Debug|Any CPU.Build.0 = Debug|Any CPU
		{966C6A7A-5773-497E-B2A1-C1EE525D4BC5}.Release|Any CPU.ActiveCfg = Release|Any CPU
		{966C6A7A-5773-497E-B2A1-C1EE525D4BC5}.Release|Any CPU.Build.0 = Release|Any CPU
	EndGlobalSection
	GlobalSection(SolutionProperties) = preSolution
		HideSolutionNode = FALSE
	EndGlobalSection
	GlobalSection(Performance) = preSolution
		HasPerformanceSessions = true
	EndGlobalSection
EndGlobal
