
Microsoft Visual Studio Solution File, Format Version 12.00
# Visual Studio 2012
Project("{FAE04EC0-301F-11D3-BF4B-00C04F79EFBC}") = "Euler8", "Euler8\Euler8.csproj", "{F155BC9D-99C8-4E4B-9982-50F43BEFAD98}"
EndProject
Global
	GlobalSection(SolutionConfigurationPlatforms) = preSolution
		Debug|Any CPU = Debug|Any CPU
		Release|Any CPU = Release|Any CPU
	EndGlobalSection
	GlobalSection(ProjectConfigurationPlatforms) = postSolution
		{F155BC9D-99C8-4E4B-9982-50F43BEFAD98}.Debug|Any CPU.ActiveCfg = Debug|Any CPU
		{F155BC9D-99C8-4E4B-9982-50F43BEFAD98}.Debug|Any CPU.Build.0 = Debug|Any CPU
		{F155BC9D-99C8-4E4B-9982-50F43BEFAD98}.Release|Any CPU.ActiveCfg = Release|Any CPU
		{F155BC9D-99C8-4E4B-9982-50F43BEFAD98}.Release|Any CPU.Build.0 = Release|Any CPU
	EndGlobalSection
	GlobalSection(SolutionProperties) = preSolution
		HideSolutionNode = FALSE
	EndGlobalSection
EndGlobal
